
Microsoft Visual Studio Solution File, Format Version 12.00
# Visual Studio Version 17
VisualStudioVersion = 17.14.36429.23
MinimumVisualStudioVersion = 10.0.40219.1
Project("{F2A71F9B-5D33-465A-A702-920D77279786}") = "FsFinancieelExpert", "FsFinancieelExpert.fsproj", "{D1E79822-5A3A-C1BB-2BB1-2A497E2C63D8}"
EndProject
Project("{2150E333-8FDC-42A3-9474-1A3956D46DE8}") = "Solution Items", "Solution Items", "{8EC462FD-D22E-90A8-E5CE-7E832BA40C5D}"
	ProjectSection(SolutionItems) = preProject
		financieelexpert.rkt = financieelexpert.rkt
		Financieel_rekenwerk_V3.xlsx = Financieel_rekenwerk_V3.xlsx
		readme.md = readme.md
		rekentest.linq = rekentest.linq
	EndProjectSection
EndProject
Project("{FAE04EC0-301F-11D3-BF4B-00C04F79EFBC}") = "CsFinancieelExpert", "CsFinancieelExpert\CsFinancieelExpert.csproj", "{272D16BC-12D5-4E2A-9E23-BA63D609B6FA}"
EndProject
Global
	GlobalSection(SolutionConfigurationPlatforms) = preSolution
		Debug|Any CPU = Debug|Any CPU
		Release|Any CPU = Release|Any CPU
	EndGlobalSection
	GlobalSection(ProjectConfigurationPlatforms) = postSolution
		{D1E79822-5A3A-C1BB-2BB1-2A497E2C63D8}.Debug|Any CPU.ActiveCfg = Debug|Any CPU
		{D1E79822-5A3A-C1BB-2BB1-2A497E2C63D8}.Debug|Any CPU.Build.0 = Debug|Any CPU
		{D1E79822-5A3A-C1BB-2BB1-2A497E2C63D8}.Release|Any CPU.ActiveCfg = Release|Any CPU
		{D1E79822-5A3A-C1BB-2BB1-2A497E2C63D8}.Release|Any CPU.Build.0 = Release|Any CPU
		{272D16BC-12D5-4E2A-9E23-BA63D609B6FA}.Debug|Any CPU.ActiveCfg = Debug|Any CPU
		{272D16BC-12D5-4E2A-9E23-BA63D609B6FA}.Debug|Any CPU.Build.0 = Debug|Any CPU
		{272D16BC-12D5-4E2A-9E23-BA63D609B6FA}.Release|Any CPU.ActiveCfg = Release|Any CPU
		{272D16BC-12D5-4E2A-9E23-BA63D609B6FA}.Release|Any CPU.Build.0 = Release|Any CPU
	EndGlobalSection
	GlobalSection(SolutionProperties) = preSolution
		HideSolutionNode = FALSE
	EndGlobalSection
	GlobalSection(ExtensibilityGlobals) = postSolution
		SolutionGuid = {8CC2FE8B-BD4C-47EE-BFFD-83EB45CAD7BF}
	EndGlobalSection
EndGlobal
